
Microsoft Visual Studio Solution File, Format Version 12.00
Project("{2150E333-8FDC-42A3-9474-1A3956D46DE8}") = "src", "src", "{F4356FC5-2219-442E-95B4-7174C566C4B8}"
EndProject
Project("{2150E333-8FDC-42A3-9474-1A3956D46DE8}") = "test", "test", "{A4372B2E-4E13-485B-AD98-8800F0DB3A80}"
EndProject
Project("{2150E333-8FDC-42A3-9474-1A3956D46DE8}") = "test", "test", "{5F4960EC-89F2-485A-8504-705D41390496}"
EndProject
Project("{FAE04EC0-301F-11D3-BF4B-00C04F79EFBC}") = "GlobalCoders.PSP.BackendApi.Tests", "test\GlobalCoders.PSP.BackendApi.Tests\GlobalCoders.PSP.BackendApi.Tests.csproj", "{B9C615B7-C27A-4397-B8DC-571099534FCF}"
EndProject
Project("{FAE04EC0-301F-11D3-BF4B-00C04F79EFBC}") = "GlobalCoders.PSP.BackendApi", "src\GlobalCoders.PSP.BackendApi\GlobalCoders.PSP.BackendApi.csproj", "{4D429522-1B30-49FF-86F8-85E33E413D46}"
EndProject
Project("{2150E333-8FDC-42A3-9474-1A3956D46DE8}") = "docker", "docker", "{4BBB6819-6248-43C8-8BEA-65ABD562385D}"
	ProjectSection(SolutionItems) = preProject
		docker\.env = docker\.env
		docker\psp-test.yml = docker\psp-test.yml
	EndProjectSection
EndProject
Project("{FAE04EC0-301F-11D3-BF4B-00C04F79EFBC}") = "GlobalCoders.PSP.FrontExmple2", "src\GlobalCoders.PSP.FrontExmple2\GlobalCoders.PSP.FrontExmple2.csproj", "{31D43E26-D71C-4BE4-A132-2D2251B91D01}"
EndProject
Global
	GlobalSection(SolutionConfigurationPlatforms) = preSolution
		Debug|Any CPU = Debug|Any CPU
		Release|Any CPU = Release|Any CPU
	EndGlobalSection
	GlobalSection(NestedProjects) = preSolution
		{B9C615B7-C27A-4397-B8DC-571099534FCF} = {A4372B2E-4E13-485B-AD98-8800F0DB3A80}
		{4D429522-1B30-49FF-86F8-85E33E413D46} = {F4356FC5-2219-442E-95B4-7174C566C4B8}
		{31D43E26-D71C-4BE4-A132-2D2251B91D01} = {F4356FC5-2219-442E-95B4-7174C566C4B8}
	EndGlobalSection
	GlobalSection(ProjectConfigurationPlatforms) = postSolution
		{B9C615B7-C27A-4397-B8DC-571099534FCF}.Debug|Any CPU.ActiveCfg = Debug|Any CPU
		{B9C615B7-C27A-4397-B8DC-571099534FCF}.Debug|Any CPU.Build.0 = Debug|Any CPU
		{B9C615B7-C27A-4397-B8DC-571099534FCF}.Release|Any CPU.ActiveCfg = Release|Any CPU
		{B9C615B7-C27A-4397-B8DC-571099534FCF}.Release|Any CPU.Build.0 = Release|Any CPU
		{4D429522-1B30-49FF-86F8-85E33E413D46}.Debug|Any CPU.ActiveCfg = Debug|Any CPU
		{4D429522-1B30-49FF-86F8-85E33E413D46}.Debug|Any CPU.Build.0 = Debug|Any CPU
		{4D429522-1B30-49FF-86F8-85E33E413D46}.Release|Any CPU.ActiveCfg = Release|Any CPU
		{4D429522-1B30-49FF-86F8-85E33E413D46}.Release|Any CPU.Build.0 = Release|Any CPU
		{31D43E26-D71C-4BE4-A132-2D2251B91D01}.Debug|Any CPU.ActiveCfg = Debug|Any CPU
		{31D43E26-D71C-4BE4-A132-2D2251B91D01}.Debug|Any CPU.Build.0 = Debug|Any CPU
		{31D43E26-D71C-4BE4-A132-2D2251B91D01}.Release|Any CPU.ActiveCfg = Release|Any CPU
		{31D43E26-D71C-4BE4-A132-2D2251B91D01}.Release|Any CPU.Build.0 = Release|Any CPU
	EndGlobalSection
EndGlobal
